
Microsoft Visual Studio Solution File, Format Version 12.00
# Visual Studio 15
VisualStudioVersion = 15.0.27428.2037
MinimumVisualStudioVersion = 10.0.40219.1
Project("{FAE04EC0-301F-11D3-BF4B-00C04F79EFBC}") = "MvcMovie.test", "MvcMovie.test\MvcMovie.test.csproj", "{06810C3F-5B04-437B-A31C-0FE0DC7872ED}"
EndProject
Global
	GlobalSection(SolutionConfigurationPlatforms) = preSolution
		Debug|Any CPU = Debug|Any CPU
		Release|Any CPU = Release|Any CPU
	EndGlobalSection
	GlobalSection(ProjectConfigurationPlatforms) = postSolution
		{06810C3F-5B04-437B-A31C-0FE0DC7872ED}.Debug|Any CPU.ActiveCfg = Debug|Any CPU
		{06810C3F-5B04-437B-A31C-0FE0DC7872ED}.Debug|Any CPU.Build.0 = Debug|Any CPU
		{06810C3F-5B04-437B-A31C-0FE0DC7872ED}.Release|Any CPU.ActiveCfg = Release|Any CPU
		{06810C3F-5B04-437B-A31C-0FE0DC7872ED}.Release|Any CPU.Build.0 = Release|Any CPU
	EndGlobalSection
	GlobalSection(SolutionProperties) = preSolution
		HideSolutionNode = FALSE
	EndGlobalSection
	GlobalSection(ExtensibilityGlobals) = postSolution
		SolutionGuid = {27969C5F-F95C-47E8-8FBA-D9CF93500429}
	EndGlobalSection
EndGlobal
